
Microsoft Visual Studio Solution File, Format Version 12.00
# Visual Studio Version 17
VisualStudioVersion = 17.4.33213.308
MinimumVisualStudioVersion = 10.0.40219.1
Project("{FAE04EC0-301F-11D3-BF4B-00C04F79EFBC}") = "PixelMaster.ProfileTemplate", "PixelMaster.ProfileTemplate\PixelMaster.ProfileTemplate.csproj", "{B0762E94-BDF8-4069-9B45-99A19DEC9BB1}"
EndProject
Global
	GlobalSection(SolutionConfigurationPlatforms) = preSolution
		Debug|Any CPU = Debug|Any CPU
		Release|Any CPU = Release|Any CPU
	EndGlobalSection
	GlobalSection(ProjectConfigurationPlatforms) = postSolution
		{B0762E94-BDF8-4069-9B45-99A19DEC9BB1}.Debug|Any CPU.ActiveCfg = Debug|Any CPU
		{B0762E94-BDF8-4069-9B45-99A19DEC9BB1}.Debug|Any CPU.Build.0 = Debug|Any CPU
		{B0762E94-BDF8-4069-9B45-99A19DEC9BB1}.Release|Any CPU.ActiveCfg = Release|Any CPU
		{B0762E94-BDF8-4069-9B45-99A19DEC9BB1}.Release|Any CPU.Build.0 = Release|Any CPU
	EndGlobalSection
	GlobalSection(SolutionProperties) = preSolution
		HideSolutionNode = FALSE
	EndGlobalSection
	GlobalSection(ExtensibilityGlobals) = postSolution
		SolutionGuid = {F52936FE-E993-4FCC-9F1A-25418A74CD96}
	EndGlobalSection
EndGlobal
